// !$*UTF8*$!
{
	archiveVersion = 1;
	classes = {
	};
	objectVersion = 77;
	objects = {

/* Begin PBXContainerItemProxy section */
		A4D9CEC02E74C273008118AB /* PBXContainerItemProxy */ = {
			isa = PBXContainerItemProxy;
			containerPortal = A4D9CEA72E74C271008118AB /* Project object */;
			proxyType = 1;
			remoteGlobalIDString = A4D9CEAE2E74C271008118AB;
			remoteInfo = ListScrollViews;
		};
		A4D9CECA2E74C273008118AB /* PBXContainerItemProxy */ = {
			isa = PBXContainerItemProxy;
			containerPortal = A4D9CEA72E74C271008118AB /* Project object */;
			proxyType = 1;
			remoteGlobalIDString = A4D9CEAE2E74C271008118AB;
			remoteInfo = ListScrollViews;
		};
/* End PBXContainerItemProxy section */

/* Begin PBXFileReference section */
		A4D9CEAF2E74C271008118AB /* ListScrollViews.app */ = {isa = PBXFileReference; explicitFileType = wrapper.application; includeInIndex = 0; path = ListScrollViews.app; sourceTree = BUILT_PRODUCTS_DIR; };
		A4D9CEBF2E74C273008118AB /* ListScrollViewsTests.xctest */ = {isa = PBXFileReference; explicitFileType = wrapper.cfbundle; includeInIndex = 0; path = ListScrollViewsTests.xctest; sourceTree = BUILT_PRODUCTS_DIR; };
		A4D9CEC92E74C273008118AB /* ListScrollViewsUITests.xctest */ = {isa = PBXFileReference; explicitFileType = wrapper.cfbundle; includeInIndex = 0; path = ListScrollViewsUITests.xctest; sourceTree = BUILT_PRODUCTS_DIR; };
/* End PBXFileReference section */

/* Begin PBXFileSystemSynchronizedRootGroup section */
		A4D9CEB12E74C271008118AB /* ListScrollViews */ = {
			isa = PBXFileSystemSynchronizedRootGroup;
			path = ListScrollViews;
			sourceTree = "<group>";
		};
		A4D9CEC22E74C273008118AB /* ListScrollViewsTests */ = {
			isa = PBXFileSystemSynchronizedRootGroup;
			path = ListScrollViewsTests;
			sourceTree = "<group>";
		};
		A4D9CECC2E74C273008118AB /* ListScrollViewsUITests */ = {
			isa = PBXFileSystemSynchronizedRootGroup;
			path = ListScrollViewsUITests;
			sourceTree = "<group>";
		};
/* End PBXFileSystemSynchronizedRootGroup section */

/* Begin PBXFrameworksBuildPhase section */
		A4D9CEAC2E74C271008118AB /* Frameworks */ = {
			isa = PBXFrameworksBuildPhase;
			buildActionMask = 2147483647;
			files = (
			);
			runOnlyForDeploymentPostprocessing = 0;
		};
		A4D9CEBC2E74C273008118AB /* Frameworks */ = {
			isa = PBXFrameworksBuildPhase;
			buildActionMask = 2147483647;
			files = (
			);
			runOnlyForDeploymentPostprocessing = 0;
		};
		A4D9CEC62E74C273008118AB /* Frameworks */ = {
			isa = PBXFrameworksBuildPhase;
			buildActionMask = 2147483647;
			files = (
			);
			runOnlyForDeploymentPostprocessing = 0;
		};
/* End PBXFrameworksBuildPhase section */

/* Begin PBXGroup section */
		A4D9CEA62E74C271008118AB = {
			isa = PBXGroup;
			children = (
				A4D9CEB12E74C271008118AB /* ListScrollViews */,
				A4D9CEC22E74C273008118AB /* ListScrollViewsTests */,
				A4D9CECC2E74C273008118AB /* ListScrollViewsUITests */,
				A4D9CEB02E74C271008118AB /* Products */,
			);
			sourceTree = "<group>";
		};
		A4D9CEB02E74C271008118AB /* Products */ = {
			isa = PBXGroup;
			children = (
				A4D9CEAF2E74C271008118AB /* ListScrollViews.app */,
				A4D9CEBF2E74C273008118AB /* ListScrollViewsTests.xctest */,
				A4D9CEC92E74C273008118AB /* ListScrollViewsUITests.xctest */,
			);
			name = Products;
			sourceTree = "<group>";
		};
/* End PBXGroup section */

/* Begin PBXNativeTarget section */
		A4D9CEAE2E74C271008118AB /* ListScrollViews */ = {
			isa = PBXNativeTarget;
			buildConfigurationList = A4D9CED32E74C273008118AB /* Build configuration list for PBXNativeTarget "ListScrollViews" */;
			buildPhases = (
				A4D9CEAB2E74C271008118AB /* Sources */,
				A4D9CEAC2E74C271008118AB /* Frameworks */,
				A4D9CEAD2E74C271008118AB /* Resources */,
			);
			buildRules = (
			);
			dependencies = (
			);
			fileSystemSynchronizedGroups = (
				A4D9CEB12E74C271008118AB /* ListScrollViews */,
			);
			name = ListScrollViews;
			packageProductDependencies = (
			);
			productName = ListScrollViews;
			productReference = A4D9CEAF2E74C271008118AB /* ListScrollViews.app */;
			productType = "com.apple.product-type.application";
		};
		A4D9CEBE2E74C273008118AB /* ListScrollViewsTests */ = {
			isa = PBXNativeTarget;
			buildConfigurationList = A4D9CED62E74C273008118AB /* Build configuration list for PBXNativeTarget "ListScrollViewsTests" */;
			buildPhases = (
				A4D9CEBB2E74C273008118AB /* Sources */,
				A4D9CEBC2E74C273008118AB /* Frameworks */,
				A4D9CEBD2E74C273008118AB /* Resources */,
			);
			buildRules = (
			);
			dependencies = (
				A4D9CEC12E74C273008118AB /* PBXTargetDependency */,
			);
			fileSystemSynchronizedGroups = (
				A4D9CEC22E74C273008118AB /* ListScrollViewsTests */,
			);
			name = ListScrollViewsTests;
			packageProductDependencies = (
			);
			productName = ListScrollViewsTests;
			productReference = A4D9CEBF2E74C273008118AB /* ListScrollViewsTests.xctest */;
			productType = "com.apple.product-type.bundle.unit-test";
		};
		A4D9CEC82E74C273008118AB /* ListScrollViewsUITests */ = {
			isa = PBXNativeTarget;
			buildConfigurationList = A4D9CED92E74C273008118AB /* Build configuration list for PBXNativeTarget "ListScrollViewsUITests" */;
			buildPhases = (
				A4D9CEC52E74C273008118AB /* Sources */,
				A4D9CEC62E74C273008118AB /* Frameworks */,
				A4D9CEC72E74C273008118AB /* Resources */,
			);
			buildRules = (
			);
			dependencies = (
				A4D9CECB2E74C273008118AB /* PBXTargetDependency */,
			);
			fileSystemSynchronizedGroups = (
				A4D9CECC2E74C273008118AB /* ListScrollViewsUITests */,
			);
			name = ListScrollViewsUITests;
			packageProductDependencies = (
			);
			productName = ListScrollViewsUITests;
			productReference = A4D9CEC92E74C273008118AB /* ListScrollViewsUITests.xctest */;
			productType = "com.apple.product-type.bundle.ui-testing";
		};
/* End PBXNativeTarget section */

/* Begin PBXProject section */
		A4D9CEA72E74C271008118AB /* Project object */ = {
			isa = PBXProject;
			attributes = {
				BuildIndependentTargetsInParallel = 1;
				LastSwiftUpdateCheck = 1620;
				LastUpgradeCheck = 1620;
				TargetAttributes = {
					A4D9CEAE2E74C271008118AB = {
						CreatedOnToolsVersion = 16.2;
					};
					A4D9CEBE2E74C273008118AB = {
						CreatedOnToolsVersion = 16.2;
						TestTargetID = A4D9CEAE2E74C271008118AB;
					};
					A4D9CEC82E74C273008118AB = {
						CreatedOnToolsVersion = 16.2;
						TestTargetID = A4D9CEAE2E74C271008118AB;
					};
				};
			};
			buildConfigurationList = A4D9CEAA2E74C271008118AB /* Build configuration list for PBXProject "ListScrollViews" */;
			developmentRegion = en;
			hasScannedForEncodings = 0;
			knownRegions = (
				en,
				Base,
			);
			mainGroup = A4D9CEA62E74C271008118AB;
			minimizedProjectReferenceProxies = 1;
			preferredProjectObjectVersion = 77;
			productRefGroup = A4D9CEB02E74C271008118AB /* Products */;
			projectDirPath = "";
			projectRoot = "";
			targets = (
				A4D9CEAE2E74C271008118AB /* ListScrollViews */,
				A4D9CEBE2E74C273008118AB /* ListScrollViewsTests */,
				A4D9CEC82E74C273008118AB /* ListScrollViewsUITests */,
			);
		};
/* End PBXProject section */

/* Begin PBXResourcesBuildPhase section */
		A4D9CEAD2E74C271008118AB /* Resources */ = {
			isa = PBXResourcesBuildPhase;
			buildActionMask = 2147483647;
			files = (
			);
			runOnlyForDeploymentPostprocessing = 0;
		};
		A4D9CEBD2E74C273008118AB /* Resources */ = {
			isa = PBXResourcesBuildPhase;
			buildActionMask = 2147483647;
			files = (
			);
			runOnlyForDeploymentPostprocessing = 0;
		};
		A4D9CEC72E74C273008118AB /* Resources */ = {
			isa = PBXResourcesBuildPhase;
			buildActionMask = 2147483647;
			files = (
			);
			runOnlyForDeploymentPostprocessing = 0;
		};
/* End PBXResourcesBuildPhase section */

/* Begin PBXSourcesBuildPhase section */
		A4D9CEAB2E74C271008118AB /* Sources */ = {
			isa = PBXSourcesBuildPhase;
			buildActionMask = 2147483647;
			files = (
			);
			runOnlyForDeploymentPostprocessing = 0;
		};
		A4D9CEBB2E74C273008118AB /* Sources */ = {
			isa = PBXSourcesBuildPhase;
			buildActionMask = 2147483647;
			files = (
			);
			runOnlyForDeploymentPostprocessing = 0;
		};
		A4D9CEC52E74C273008118AB /* Sources */ = {
			isa = PBXSourcesBuildPhase;
			buildActionMask = 2147483647;
			files = (
			);
			runOnlyForDeploymentPostprocessing = 0;
		};
/* End PBXSourcesBuildPhase section */

/* Begin PBXTargetDependency section */
		A4D9CEC12E74C273008118AB /* PBXTargetDependency */ = {
			isa = PBXTargetDependency;
			target = A4D9CEAE2E74C271008118AB /* ListScrollViews */;
			targetProxy = A4D9CEC02E74C273008118AB /* PBXContainerItemProxy */;
		};
		A4D9CECB2E74C273008118AB /* PBXTargetDependency */ = {
			isa = PBXTargetDependency;
			target = A4D9CEAE2E74C271008118AB /* ListScrollViews */;
			targetProxy = A4D9CECA2E74C273008118AB /* PBXContainerItemProxy */;
		};
/* End PBXTargetDependency section */

/* Begin XCBuildConfiguration section */
		A4D9CED12E74C273008118AB /* Debug */ = {
			isa = XCBuildConfiguration;
			buildSettings = {
				ALWAYS_SEARCH_USER_PATHS = NO;
				ASSETCATALOG_COMPILER_GENERATE_SWIFT_ASSET_SYMBOL_EXTENSIONS = YES;
				CLANG_ANALYZER_NONNULL = YES;
				CLANG_ANALYZER_NUMBER_OBJECT_CONVERSION = YES_AGGRESSIVE;
				CLANG_CXX_LANGUAGE_STANDARD = "gnu++20";
				CLANG_ENABLE_MODULES = YES;
				CLANG_ENABLE_OBJC_ARC = YES;
				CLANG_ENABLE_OBJC_WEAK = YES;
				CLANG_WARN_BLOCK_CAPTURE_AUTORELEASING = YES;
				CLANG_WARN_BOOL_CONVERSION = YES;
				CLANG_WARN_COMMA = YES;
				CLANG_WARN_CONSTANT_CONVERSION = YES;
				CLANG_WARN_DEPRECATED_OBJC_IMPLEMENTATIONS = YES;
				CLANG_WARN_DIRECT_OBJC_ISA_USAGE = YES_ERROR;
				CLANG_WARN_DOCUMENTATION_COMMENTS = YES;
				CLANG_WARN_EMPTY_BODY = YES;
				CLANG_WARN_ENUM_CONVERSION = YES;
				CLANG_WARN_INFINITE_RECURSION = YES;
				CLANG_WARN_INT_CONVERSION = YES;
				CLANG_WARN_NON_LITERAL_NULL_CONVERSION = YES;
				CLANG_WARN_OBJC_IMPLICIT_RETAIN_SELF = YES;
				CLANG_WARN_OBJC_LITERAL_CONVERSION = YES;
				CLANG_WARN_OBJC_ROOT_CLASS = YES_ERROR;
				CLANG_WARN_QUOTED_INCLUDE_IN_FRAMEWORK_HEADER = YES;
				CLANG_WARN_RANGE_LOOP_ANALYSIS = YES;
				CLANG_WARN_STRICT_PROTOTYPES = YES;
				CLANG_WARN_SUSPICIOUS_MOVE = YES;
				CLANG_WARN_UNGUARDED_AVAILABILITY = YES_AGGRESSIVE;
				CLANG_WARN_UNREACHABLE_CODE = YES;
				CLANG_WARN__DUPLICATE_METHOD_MATCH = YES;
				COPY_PHASE_STRIP = NO;
				DEBUG_INFORMATION_FORMAT = dwarf;
				ENABLE_STRICT_OBJC_MSGSEND = YES;
				ENABLE_TESTABILITY = YES;
				ENABLE_USER_SCRIPT_SANDBOXING = YES;
				GCC_C_LANGUAGE_STANDARD = gnu17;
				GCC_DYNAMIC_NO_PIC = NO;
				GCC_NO_COMMON_BLOCKS = YES;
				GCC_OPTIMIZATION_LEVEL = 0;
				GCC_PREPROCESSOR_DEFINITIONS = (
					"DEBUG=1",
					"$(inherited)",
				);
				GCC_WARN_64_TO_32_BIT_CONVERSION = YES;
				GCC_WARN_ABOUT_RETURN_TYPE = YES_ERROR;
				GCC_WARN_UNDECLARED_SELECTOR = YES;
				GCC_WARN_UNINITIALIZED_AUTOS = YES_AGGRESSIVE;
				GCC_WARN_UNUSED_FUNCTION = YES;
				GCC_WARN_UNUSED_VARIABLE = YES;
				IPHONEOS_DEPLOYMENT_TARGET = 18.2;
				LOCALIZATION_PREFERS_STRING_CATALOGS = YES;
				MTL_ENABLE_DEBUG_INFO = INCLUDE_SOURCE;
				MTL_FAST_MATH = YES;
				ONLY_ACTIVE_ARCH = YES;
				SDKROOT = iphoneos;
				SWIFT_ACTIVE_COMPILATION_CONDITIONS = "DEBUG $(inherited)";
				SWIFT_OPTIMIZATION_LEVEL = "-Onone";
			};
			name = Debug;
		};
		A4D9CED22E74C273008118AB /* Release */ = {
			isa = XCBuildConfiguration;
			buildSettings = {
				ALWAYS_SEARCH_USER_PATHS = NO;
				ASSETCATALOG_COMPILER_GENERATE_SWIFT_ASSET_SYMBOL_EXTENSIONS = YES;
				CLANG_ANALYZER_NONNULL = YES;
				CLANG_ANALYZER_NUMBER_OBJECT_CONVERSION = YES_AGGRESSIVE;
				CLANG_CXX_LANGUAGE_STANDARD = "gnu++20";
				CLANG_ENABLE_MODULES = YES;
				CLANG_ENABLE_OBJC_ARC = YES;
				CLANG_ENABLE_OBJC_WEAK = YES;
				CLANG_WARN_BLOCK_CAPTURE_AUTORELEASING = YES;
				CLANG_WARN_BOOL_CONVERSION = YES;
				CLANG_WARN_COMMA = YES;
				CLANG_WARN_CONSTANT_CONVERSION = YES;
				CLANG_WARN_DEPRECATED_OBJC_IMPLEMENTATIONS = YES;
				CLANG_WARN_DIRECT_OBJC_ISA_USAGE = YES_ERROR;
				CLANG_WARN_DOCUMENTATION_COMMENTS = YES;
				CLANG_WARN_EMPTY_BODY = YES;
				CLANG_WARN_ENUM_CONVERSION = YES;
				CLANG_WARN_INFINITE_RECURSION = YES;
				CLANG_WARN_INT_CONVERSION = YES;
				CLANG_WARN_NON_LITERAL_NULL_CONVERSION = YES;
				CLANG_WARN_OBJC_IMPLICIT_RETAIN_SELF = YES;
				CLANG_WARN_OBJC_LITERAL_CONVERSION = YES;
				CLANG_WARN_OBJC_ROOT_CLASS = YES_ERROR;
				CLANG_WARN_QUOTED_INCLUDE_IN_FRAMEWORK_HEADER = YES;
				CLANG_WARN_RANGE_LOOP_ANALYSIS = YES;
				CLANG_WARN_STRICT_PROTOTYPES = YES;
				CLANG_WARN_SUSPICIOUS_MOVE = YES;
				CLANG_WARN_UNGUARDED_AVAILABILITY = YES_AGGRESSIVE;
				CLANG_WARN_UNREACHABLE_CODE = YES;
				CLANG_WARN__DUPLICATE_METHOD_MATCH = YES;
				COPY_PHASE_STRIP = NO;
				DEBUG_INFORMATION_FORMAT = "dwarf-with-dsym";
				ENABLE_NS_ASSERTIONS = NO;
				ENABLE_STRICT_OBJC_MSGSEND = YES;
				ENABLE_USER_SCRIPT_SANDBOXING = YES;
				GCC_C_LANGUAGE_STANDARD = gnu17;
				GCC_NO_COMMON_BLOCKS = YES;
				GCC_WARN_64_TO_32_BIT_CONVERSION = YES;
				GCC_WARN_ABOUT_RETURN_TYPE = YES_ERROR;
				GCC_WARN_UNDECLARED_SELECTOR = YES;
				GCC_WARN_UNINITIALIZED_AUTOS = YES_AGGRESSIVE;
				GCC_WARN_UNUSED_FUNCTION = YES;
				GCC_WARN_UNUSED_VARIABLE = YES;
				IPHONEOS_DEPLOYMENT_TARGET = 18.2;
				LOCALIZATION_PREFERS_STRING_CATALOGS = YES;
				MTL_ENABLE_DEBUG_INFO = NO;
				MTL_FAST_MATH = YES;
				SDKROOT = iphoneos;
				SWIFT_COMPILATION_MODE = wholemodule;
				VALIDATE_PRODUCT = YES;
			};
			name = Release;
		};
		A4D9CED42E74C273008118AB /* Debug */ = {
			isa = XCBuildConfiguration;
			buildSettings = {
				ASSETCATALOG_COMPILER_APPICON_NAME = AppIcon;
				ASSETCATALOG_COMPILER_GLOBAL_ACCENT_COLOR_NAME = AccentColor;
				CODE_SIGN_STYLE = Automatic;
				CURRENT_PROJECT_VERSION = 1;
				DEVELOPMENT_ASSET_PATHS = "\"ListScrollViews/Preview Content\"";
				DEVELOPMENT_TEAM = Z95KBU78S3;
				ENABLE_PREVIEWS = YES;
				GENERATE_INFOPLIST_FILE = YES;
				INFOPLIST_KEY_UIApplicationSceneManifest_Generation = YES;
				INFOPLIST_KEY_UIApplicationSupportsIndirectInputEvents = YES;
				INFOPLIST_KEY_UILaunchScreen_Generation = YES;
				INFOPLIST_KEY_UISupportedInterfaceOrientations_iPad = "UIInterfaceOrientationPortrait UIInterfaceOrientationPortraitUpsideDown UIInterfaceOrientationLandscapeLeft UIInterfaceOrientationLandscapeRight";
				INFOPLIST_KEY_UISupportedInterfaceOrientations_iPhone = "UIInterfaceOrientationPortrait UIInterfaceOrientationLandscapeLeft UIInterfaceOrientationLandscapeRight";
				LD_RUNPATH_SEARCH_PATHS = (
					"$(inherited)",
					"@executable_path/Frameworks",
				);
				MARKETING_VERSION = 1.0;
				PRODUCT_BUNDLE_IDENTIFIER = postech.ListScrollViews;
				PRODUCT_NAME = "$(TARGET_NAME)";
				SWIFT_EMIT_LOC_STRINGS = YES;
				SWIFT_VERSION = 5.0;
				TARGETED_DEVICE_FAMILY = "1,2";
			};
			name = Debug;
		};
		A4D9CED52E74C273008118AB /* Release */ = {
			isa = XCBuildConfiguration;
			buildSettings = {
				ASSETCATALOG_COMPILER_APPICON_NAME = AppIcon;
				ASSETCATALOG_COMPILER_GLOBAL_ACCENT_COLOR_NAME = AccentColor;
				CODE_SIGN_STYLE = Automatic;
				CURRENT_PROJECT_VERSION = 1;
				DEVELOPMENT_ASSET_PATHS = "\"ListScrollViews/Preview Content\"";
				DEVELOPMENT_TEAM = Z95KBU78S3;
				ENABLE_PREVIEWS = YES;
				GENERATE_INFOPLIST_FILE = YES;
				INFOPLIST_KEY_UIApplicationSceneManifest_Generation = YES;
				INFOPLIST_KEY_UIApplicationSupportsIndirectInputEvents = YES;
				INFOPLIST_KEY_UILaunchScreen_Generation = YES;
				INFOPLIST_KEY_UISupportedInterfaceOrientations_iPad = "UIInterfaceOrientationPortrait UIInterfaceOrientationPortraitUpsideDown UIInterfaceOrientationLandscapeLeft UIInterfaceOrientationLandscapeRight";
				INFOPLIST_KEY_UISupportedInterfaceOrientations_iPhone = "UIInterfaceOrientationPortrait UIInterfaceOrientationLandscapeLeft UIInterfaceOrientationLandscapeRight";
				LD_RUNPATH_SEARCH_PATHS = (
					"$(inherited)",
					"@executable_path/Frameworks",
				);
				MARKETING_VERSION = 1.0;
				PRODUCT_BUNDLE_IDENTIFIER = postech.ListScrollViews;
				PRODUCT_NAME = "$(TARGET_NAME)";
				SWIFT_EMIT_LOC_STRINGS = YES;
				SWIFT_VERSION = 5.0;
				TARGETED_DEVICE_FAMILY = "1,2";
			};
			name = Release;
		};
		A4D9CED72E74C273008118AB /* Debug */ = {
			isa = XCBuildConfiguration;
			buildSettings = {
				BUNDLE_LOADER = "$(TEST_HOST)";
				CODE_SIGN_STYLE = Automatic;
				CURRENT_PROJECT_VERSION = 1;
				DEVELOPMENT_TEAM = Z95KBU78S3;
				GENERATE_INFOPLIST_FILE = YES;
				IPHONEOS_DEPLOYMENT_TARGET = 18.2;
				MARKETING_VERSION = 1.0;
				PRODUCT_BUNDLE_IDENTIFIER = postech.ListScrollViewsTests;
				PRODUCT_NAME = "$(TARGET_NAME)";
				SWIFT_EMIT_LOC_STRINGS = NO;
				SWIFT_VERSION = 5.0;
				TARGETED_DEVICE_FAMILY = "1,2";
				TEST_HOST = "$(BUILT_PRODUCTS_DIR)/ListScrollViews.app/$(BUNDLE_EXECUTABLE_FOLDER_PATH)/ListScrollViews";
			};
			name = Debug;
		};
		A4D9CED82E74C273008118AB /* Release */ = {
			isa = XCBuildConfiguration;
			buildSettings = {
				BUNDLE_LOADER = "$(TEST_HOST)";
				CODE_SIGN_STYLE = Automatic;
				CURRENT_PROJECT_VERSION = 1;
				DEVELOPMENT_TEAM = Z95KBU78S3;
				GENERATE_INFOPLIST_FILE = YES;
				IPHONEOS_DEPLOYMENT_TARGET = 18.2;
				MARKETING_VERSION = 1.0;
				PRODUCT_BUNDLE_IDENTIFIER = postech.ListScrollViewsTests;
				PRODUCT_NAME = "$(TARGET_NAME)";
				SWIFT_EMIT_LOC_STRINGS = NO;
				SWIFT_VERSION = 5.0;
				TARGETED_DEVICE_FAMILY = "1,2";
				TEST_HOST = "$(BUILT_PRODUCTS_DIR)/ListScrollViews.app/$(BUNDLE_EXECUTABLE_FOLDER_PATH)/ListScrollViews";
			};
			name = Release;
		};
		A4D9CEDA2E74C273008118AB /* Debug */ = {
			isa = XCBuildConfiguration;
			buildSettings = {
				CODE_SIGN_STYLE = Automatic;
				CURRENT_PROJECT_VERSION = 1;
				DEVELOPMENT_TEAM = Z95KBU78S3;
				GENERATE_INFOPLIST_FILE = YES;
				MARKETING_VERSION = 1.0;
				PRODUCT_BUNDLE_IDENTIFIER = postech.ListScrollViewsUITests;
				PRODUCT_NAME = "$(TARGET_NAME)";
				SWIFT_EMIT_LOC_STRINGS = NO;
				SWIFT_VERSION = 5.0;
				TARGETED_DEVICE_FAMILY = "1,2";
				TEST_TARGET_NAME = ListScrollViews;
			};
			name = Debug;
		};
		A4D9CEDB2E74C273008118AB /* Release */ = {
			isa = XCBuildConfiguration;
			buildSettings = {
				CODE_SIGN_STYLE = Automatic;
				CURRENT_PROJECT_VERSION = 1;
				DEVELOPMENT_TEAM = Z95KBU78S3;
				GENERATE_INFOPLIST_FILE = YES;
				MARKETING_VERSION = 1.0;
				PRODUCT_BUNDLE_IDENTIFIER = postech.ListScrollViewsUITests;
				PRODUCT_NAME = "$(TARGET_NAME)";
				SWIFT_EMIT_LOC_STRINGS = NO;
				SWIFT_VERSION = 5.0;
				TARGETED_DEVICE_FAMILY = "1,2";
				TEST_TARGET_NAME = ListScrollViews;
			};
			name = Release;
		};
/* End XCBuildConfiguration section */

/* Begin XCConfigurationList section */
		A4D9CEAA2E74C271008118AB /* Build configuration list for PBXProject "ListScrollViews" */ = {
			isa = XCConfigurationList;
			buildConfigurations = (
				A4D9CED12E74C273008118AB /* Debug */,
				A4D9CED22E74C273008118AB /* Release */,
			);
			defaultConfigurationIsVisible = 0;
			defaultConfigurationName = Release;
		};
		A4D9CED32E74C273008118AB /* Build configuration list for PBXNativeTarget "ListScrollViews" */ = {
			isa = XCConfigurationList;
			buildConfigurations = (
				A4D9CED42E74C273008118AB /* Debug */,
				A4D9CED52E74C273008118AB /* Release */,
			);
			defaultConfigurationIsVisible = 0;
			defaultConfigurationName = Release;
		};
		A4D9CED62E74C273008118AB /* Build configuration list for PBXNativeTarget "ListScrollViewsTests" */ = {
			isa = XCConfigurationList;
			buildConfigurations = (
				A4D9CED72E74C273008118AB /* Debug */,
				A4D9CED82E74C273008118AB /* Release */,
			);
			defaultConfigurationIsVisible = 0;
			defaultConfigurationName = Release;
		};
		A4D9CED92E74C273008118AB /* Build configuration list for PBXNativeTarget "ListScrollViewsUITests" */ = {
			isa = XCConfigurationList;
			buildConfigurations = (
				A4D9CEDA2E74C273008118AB /* Debug */,
				A4D9CEDB2E74C273008118AB /* Release */,
			);
			defaultConfigurationIsVisible = 0;
			defaultConfigurationName = Release;
		};
/* End XCConfigurationList section */
	};
	rootObject = A4D9CEA72E74C271008118AB /* Project object */;
}
